// !$*UTF8*$!
{
	archiveVersion = 1;
	classes = {
	};
	objectVersion = 55;
	objects = {

/* Begin PBXBuildFile section */
		172C486B2822BFC200557316 /* AppDelegate.swift in Sources */ = {isa = PBXBuildFile; fileRef = 172C486A2822BFC200557316 /* AppDelegate.swift */; };
		172C486D2822BFC200557316 /* SceneDelegate.swift in Sources */ = {isa = PBXBuildFile; fileRef = 172C486C2822BFC200557316 /* SceneDelegate.swift */; };
		172C486F2822BFC200557316 /* ViewController.swift in Sources */ = {isa = PBXBuildFile; fileRef = 172C486E2822BFC200557316 /* ViewController.swift */; };
		172C48722822BFC200557316 /* Main.storyboard in Resources */ = {isa = PBXBuildFile; fileRef = 172C48702822BFC200557316 /* Main.storyboard */; };
		172C48742822BFC400557316 /* Assets.xcassets in Resources */ = {isa = PBXBuildFile; fileRef = 172C48732822BFC400557316 /* Assets.xcassets */; };
		172C48772822BFC400557316 /* LaunchScreen.storyboard in Resources */ = {isa = PBXBuildFile; fileRef = 172C48752822BFC400557316 /* LaunchScreen.storyboard */; };
		172C48802822E2ED00557316 /* BooksViewController.swift in Sources */ = {isa = PBXBuildFile; fileRef = 172C487F2822E2ED00557316 /* BooksViewController.swift */; };
		17BC7B152824200E003AFDB8 /* BookDisplayTableCell.swift in Sources */ = {isa = PBXBuildFile; fileRef = 17BC7B132824200E003AFDB8 /* BookDisplayTableCell.swift */; };
		17BC7B162824200E003AFDB8 /* BookDisplayTableCell.xib in Resources */ = {isa = PBXBuildFile; fileRef = 17BC7B142824200E003AFDB8 /* BookDisplayTableCell.xib */; };
		17BC7B192824349D003AFDB8 /* BookDetailsView.swift in Sources */ = {isa = PBXBuildFile; fileRef = 17BC7B172824349D003AFDB8 /* BookDetailsView.swift */; };
		17BC7B1A2824349D003AFDB8 /* BookDetailsView.xib in Resources */ = {isa = PBXBuildFile; fileRef = 17BC7B182824349D003AFDB8 /* BookDetailsView.xib */; };
		17BC7B20282454E5003AFDB8 /* BookListItemModel.swift in Sources */ = {isa = PBXBuildFile; fileRef = 17BC7B1F282454E5003AFDB8 /* BookListItemModel.swift */; };
		17BC7B2228273C44003AFDB8 /* ScaledImageView.swift in Sources */ = {isa = PBXBuildFile; fileRef = 17BC7B2128273C44003AFDB8 /* ScaledImageView.swift */; };
		17BC7B2828285F4B003AFDB8 /* BooksListViewController.swift in Sources */ = {isa = PBXBuildFile; fileRef = 17BC7B2728285F4B003AFDB8 /* BooksListViewController.swift */; };
		17BC7B2A282862D5003AFDB8 /* BookListCollectionCellCollectionViewCell.swift in Sources */ = {isa = PBXBuildFile; fileRef = 17BC7B29282862D5003AFDB8 /* BookListCollectionCellCollectionViewCell.swift */; };
		17BC7B2C28287128003AFDB8 /* BooksListViewLayout.swift in Sources */ = {isa = PBXBuildFile; fileRef = 17BC7B2B28287128003AFDB8 /* BooksListViewLayout.swift */; };
/* End PBXBuildFile section */

/* Begin PBXFileReference section */
		172C48672822BFC200557316 /* booklist-ios.app */ = {isa = PBXFileReference; explicitFileType = wrapper.application; includeInIndex = 0; path = "booklist-ios.app"; sourceTree = BUILT_PRODUCTS_DIR; };
		172C486A2822BFC200557316 /* AppDelegate.swift */ = {isa = PBXFileReference; lastKnownFileType = sourcecode.swift; path = AppDelegate.swift; sourceTree = "<group>"; };
		172C486C2822BFC200557316 /* SceneDelegate.swift */ = {isa = PBXFileReference; lastKnownFileType = sourcecode.swift; path = SceneDelegate.swift; sourceTree = "<group>"; };
		172C486E2822BFC200557316 /* ViewController.swift */ = {isa = PBXFileReference; lastKnownFileType = sourcecode.swift; path = ViewController.swift; sourceTree = "<group>"; };
		172C48712822BFC200557316 /* Base */ = {isa = PBXFileReference; lastKnownFileType = file.storyboard; name = Base; path = Base.lproj/Main.storyboard; sourceTree = "<group>"; };
		172C48732822BFC400557316 /* Assets.xcassets */ = {isa = PBXFileReference; lastKnownFileType = folder.assetcatalog; path = Assets.xcassets; sourceTree = "<group>"; };
		172C48762822BFC400557316 /* Base */ = {isa = PBXFileReference; lastKnownFileType = file.storyboard; name = Base; path = Base.lproj/LaunchScreen.storyboard; sourceTree = "<group>"; };
		172C48782822BFC400557316 /* Info.plist */ = {isa = PBXFileReference; lastKnownFileType = text.plist.xml; path = Info.plist; sourceTree = "<group>"; };
		172C487F2822E2ED00557316 /* BooksViewController.swift */ = {isa = PBXFileReference; lastKnownFileType = sourcecode.swift; path = BooksViewController.swift; sourceTree = "<group>"; };
		17BC7B132824200E003AFDB8 /* BookDisplayTableCell.swift */ = {isa = PBXFileReference; lastKnownFileType = sourcecode.swift; path = BookDisplayTableCell.swift; sourceTree = "<group>"; };
		17BC7B142824200E003AFDB8 /* BookDisplayTableCell.xib */ = {isa = PBXFileReference; lastKnownFileType = file.xib; path = BookDisplayTableCell.xib; sourceTree = "<group>"; };
		17BC7B172824349D003AFDB8 /* BookDetailsView.swift */ = {isa = PBXFileReference; lastKnownFileType = sourcecode.swift; path = BookDetailsView.swift; sourceTree = "<group>"; };
		17BC7B182824349D003AFDB8 /* BookDetailsView.xib */ = {isa = PBXFileReference; lastKnownFileType = file.xib; path = BookDetailsView.xib; sourceTree = "<group>"; };
		17BC7B1F282454E5003AFDB8 /* BookListItemModel.swift */ = {isa = PBXFileReference; lastKnownFileType = sourcecode.swift; path = BookListItemModel.swift; sourceTree = "<group>"; };
		17BC7B2128273C44003AFDB8 /* ScaledImageView.swift */ = {isa = PBXFileReference; lastKnownFileType = sourcecode.swift; path = ScaledImageView.swift; sourceTree = "<group>"; };
		17BC7B2728285F4B003AFDB8 /* BooksListViewController.swift */ = {isa = PBXFileReference; lastKnownFileType = sourcecode.swift; path = BooksListViewController.swift; sourceTree = "<group>"; };
		17BC7B29282862D5003AFDB8 /* BookListCollectionCellCollectionViewCell.swift */ = {isa = PBXFileReference; lastKnownFileType = sourcecode.swift; path = BookListCollectionCellCollectionViewCell.swift; sourceTree = "<group>"; };
		17BC7B2B28287128003AFDB8 /* BooksListViewLayout.swift */ = {isa = PBXFileReference; lastKnownFileType = sourcecode.swift; path = BooksListViewLayout.swift; sourceTree = "<group>"; };
/* End PBXFileReference section */

/* Begin PBXFrameworksBuildPhase section */
		172C48642822BFC200557316 /* Frameworks */ = {
			isa = PBXFrameworksBuildPhase;
			buildActionMask = 2147483647;
			files = (
			);
			runOnlyForDeploymentPostprocessing = 0;
		};
/* End PBXFrameworksBuildPhase section */

/* Begin PBXGroup section */
		172C485E2822BFC200557316 = {
			isa = PBXGroup;
			children = (
				172C48692822BFC200557316 /* booklist-ios */,
				172C48682822BFC200557316 /* Products */,
			);
			sourceTree = "<group>";
		};
		172C48682822BFC200557316 /* Products */ = {
			isa = PBXGroup;
			children = (
				172C48672822BFC200557316 /* booklist-ios.app */,
			);
			name = Products;
			sourceTree = "<group>";
		};
		172C48692822BFC200557316 /* booklist-ios */ = {
			isa = PBXGroup;
			children = (
				172C487E2822E2B600557316 /* Books */,
				172C486A2822BFC200557316 /* AppDelegate.swift */,
				172C486C2822BFC200557316 /* SceneDelegate.swift */,
				172C486E2822BFC200557316 /* ViewController.swift */,
				17BC7B2128273C44003AFDB8 /* ScaledImageView.swift */,
				172C48702822BFC200557316 /* Main.storyboard */,
				172C48732822BFC400557316 /* Assets.xcassets */,
				172C48752822BFC400557316 /* LaunchScreen.storyboard */,
				172C48782822BFC400557316 /* Info.plist */,
			);
			path = "booklist-ios";
			sourceTree = "<group>";
		};
		172C487E2822E2B600557316 /* Books */ = {
			isa = PBXGroup;
			children = (
				172C487F2822E2ED00557316 /* BooksViewController.swift */,
				17BC7B132824200E003AFDB8 /* BookDisplayTableCell.swift */,
				17BC7B142824200E003AFDB8 /* BookDisplayTableCell.xib */,
				17BC7B172824349D003AFDB8 /* BookDetailsView.swift */,
				17BC7B182824349D003AFDB8 /* BookDetailsView.xib */,
				17BC7B1F282454E5003AFDB8 /* BookListItemModel.swift */,
				17BC7B2728285F4B003AFDB8 /* BooksListViewController.swift */,
				17BC7B29282862D5003AFDB8 /* BookListCollectionCellCollectionViewCell.swift */,
				17BC7B2B28287128003AFDB8 /* BooksListViewLayout.swift */,
			);
			path = Books;
			sourceTree = "<group>";
		};
/* End PBXGroup section */

/* Begin PBXNativeTarget section */
		172C48662822BFC200557316 /* booklist-ios */ = {
			isa = PBXNativeTarget;
			buildConfigurationList = 172C487B2822BFC400557316 /* Build configuration list for PBXNativeTarget "booklist-ios" */;
			buildPhases = (
				172C48632822BFC200557316 /* Sources */,
				172C48642822BFC200557316 /* Frameworks */,
				172C48652822BFC200557316 /* Resources */,
			);
			buildRules = (
			);
			dependencies = (
			);
			name = "booklist-ios";
			productName = "booklist-ios";
			productReference = 172C48672822BFC200557316 /* booklist-ios.app */;
			productType = "com.apple.product-type.application";
		};
/* End PBXNativeTarget section */

/* Begin PBXProject section */
		172C485F2822BFC200557316 /* Project object */ = {
			isa = PBXProject;
			attributes = {
				BuildIndependentTargetsInParallel = 1;
				LastSwiftUpdateCheck = 1330;
				LastUpgradeCheck = 1330;
				TargetAttributes = {
					172C48662822BFC200557316 = {
						CreatedOnToolsVersion = 13.3;
					};
				};
			};
			buildConfigurationList = 172C48622822BFC200557316 /* Build configuration list for PBXProject "booklist-ios" */;
			compatibilityVersion = "Xcode 13.0";
			developmentRegion = en;
			hasScannedForEncodings = 0;
			knownRegions = (
				en,
				Base,
			);
			mainGroup = 172C485E2822BFC200557316;
			productRefGroup = 172C48682822BFC200557316 /* Products */;
			projectDirPath = "";
			projectRoot = "";
			targets = (
				172C48662822BFC200557316 /* booklist-ios */,
			);
		};
/* End PBXProject section */

/* Begin PBXResourcesBuildPhase section */
		172C48652822BFC200557316 /* Resources */ = {
			isa = PBXResourcesBuildPhase;
			buildActionMask = 2147483647;
			files = (
				172C48772822BFC400557316 /* LaunchScreen.storyboard in Resources */,
				172C48742822BFC400557316 /* Assets.xcassets in Resources */,
				17BC7B162824200E003AFDB8 /* BookDisplayTableCell.xib in Resources */,
				172C48722822BFC200557316 /* Main.storyboard in Resources */,
				17BC7B1A2824349D003AFDB8 /* BookDetailsView.xib in Resources */,
			);
			runOnlyForDeploymentPostprocessing = 0;
		};
/* End PBXResourcesBuildPhase section */

/* Begin PBXSourcesBuildPhase section */
		172C48632822BFC200557316 /* Sources */ = {
			isa = PBXSourcesBuildPhase;
			buildActionMask = 2147483647;
			files = (
				172C486F2822BFC200557316 /* ViewController.swift in Sources */,
				172C48802822E2ED00557316 /* BooksViewController.swift in Sources */,
				17BC7B2228273C44003AFDB8 /* ScaledImageView.swift in Sources */,
				17BC7B2C28287128003AFDB8 /* BooksListViewLayout.swift in Sources */,
				172C486B2822BFC200557316 /* AppDelegate.swift in Sources */,
				172C486D2822BFC200557316 /* SceneDelegate.swift in Sources */,
				17BC7B192824349D003AFDB8 /* BookDetailsView.swift in Sources */,
				17BC7B152824200E003AFDB8 /* BookDisplayTableCell.swift in Sources */,
				17BC7B2A282862D5003AFDB8 /* BookListCollectionCellCollectionViewCell.swift in Sources */,
				17BC7B20282454E5003AFDB8 /* BookListItemModel.swift in Sources */,
				17BC7B2828285F4B003AFDB8 /* BooksListViewController.swift in Sources */,
			);
			runOnlyForDeploymentPostprocessing = 0;
		};
/* End PBXSourcesBuildPhase section */

/* Begin PBXVariantGroup section */
		172C48702822BFC200557316 /* Main.storyboard */ = {
			isa = PBXVariantGroup;
			children = (
				172C48712822BFC200557316 /* Base */,
			);
			name = Main.storyboard;
			sourceTree = "<group>";
		};
		172C48752822BFC400557316 /* LaunchScreen.storyboard */ = {
			isa = PBXVariantGroup;
			children = (
				172C48762822BFC400557316 /* Base */,
			);
			name = LaunchScreen.storyboard;
			sourceTree = "<group>";
		};
/* End PBXVariantGroup section */

/* Begin XCBuildConfiguration section */
		172C48792822BFC400557316 /* Debug */ = {
			isa = XCBuildConfiguration;
			buildSettings = {
				ALWAYS_SEARCH_USER_PATHS = NO;
				CLANG_ANALYZER_NONNULL = YES;
				CLANG_ANALYZER_NUMBER_OBJECT_CONVERSION = YES_AGGRESSIVE;
				CLANG_CXX_LANGUAGE_STANDARD = "gnu++17";
				CLANG_ENABLE_MODULES = YES;
				CLANG_ENABLE_OBJC_ARC = YES;
				CLANG_ENABLE_OBJC_WEAK = YES;
				CLANG_WARN_BLOCK_CAPTURE_AUTORELEASING = YES;
				CLANG_WARN_BOOL_CONVERSION = YES;
				CLANG_WARN_COMMA = YES;
				CLANG_WARN_CONSTANT_CONVERSION = YES;
				CLANG_WARN_DEPRECATED_OBJC_IMPLEMENTATIONS = YES;
				CLANG_WARN_DIRECT_OBJC_ISA_USAGE = YES_ERROR;
				CLANG_WARN_DOCUMENTATION_COMMENTS = YES;
				CLANG_WARN_EMPTY_BODY = YES;
				CLANG_WARN_ENUM_CONVERSION = YES;
				CLANG_WARN_INFINITE_RECURSION = YES;
				CLANG_WARN_INT_CONVERSION = YES;
				CLANG_WARN_NON_LITERAL_NULL_CONVERSION = YES;
				CLANG_WARN_OBJC_IMPLICIT_RETAIN_SELF = YES;
				CLANG_WARN_OBJC_LITERAL_CONVERSION = YES;
				CLANG_WARN_OBJC_ROOT_CLASS = YES_ERROR;
				CLANG_WARN_QUOTED_INCLUDE_IN_FRAMEWORK_HEADER = YES;
				CLANG_WARN_RANGE_LOOP_ANALYSIS = YES;
				CLANG_WARN_STRICT_PROTOTYPES = YES;
				CLANG_WARN_SUSPICIOUS_MOVE = YES;
				CLANG_WARN_UNGUARDED_AVAILABILITY = YES_AGGRESSIVE;
				CLANG_WARN_UNREACHABLE_CODE = YES;
				CLANG_WARN__DUPLICATE_METHOD_MATCH = YES;
				COPY_PHASE_STRIP = NO;
				DEBUG_INFORMATION_FORMAT = dwarf;
				ENABLE_STRICT_OBJC_MSGSEND = YES;
				ENABLE_TESTABILITY = YES;
				GCC_C_LANGUAGE_STANDARD = gnu11;
				GCC_DYNAMIC_NO_PIC = NO;
				GCC_NO_COMMON_BLOCKS = YES;
				GCC_OPTIMIZATION_LEVEL = 0;
				GCC_PREPROCESSOR_DEFINITIONS = (
					"DEBUG=1",
					"$(inherited)",
				);
				GCC_WARN_64_TO_32_BIT_CONVERSION = YES;
				GCC_WARN_ABOUT_RETURN_TYPE = YES_ERROR;
				GCC_WARN_UNDECLARED_SELECTOR = YES;
				GCC_WARN_UNINITIALIZED_AUTOS = YES_AGGRESSIVE;
				GCC_WARN_UNUSED_FUNCTION = YES;
				GCC_WARN_UNUSED_VARIABLE = YES;
				IPHONEOS_DEPLOYMENT_TARGET = 15.4;
				MTL_ENABLE_DEBUG_INFO = INCLUDE_SOURCE;
				MTL_FAST_MATH = YES;
				ONLY_ACTIVE_ARCH = YES;
				SDKROOT = iphoneos;
				SWIFT_ACTIVE_COMPILATION_CONDITIONS = DEBUG;
				SWIFT_OPTIMIZATION_LEVEL = "-Onone";
			};
			name = Debug;
		};
		172C487A2822BFC400557316 /* Release */ = {
			isa = XCBuildConfiguration;
			buildSettings = {
				ALWAYS_SEARCH_USER_PATHS = NO;
				CLANG_ANALYZER_NONNULL = YES;
				CLANG_ANALYZER_NUMBER_OBJECT_CONVERSION = YES_AGGRESSIVE;
				CLANG_CXX_LANGUAGE_STANDARD = "gnu++17";
				CLANG_ENABLE_MODULES = YES;
				CLANG_ENABLE_OBJC_ARC = YES;
				CLANG_ENABLE_OBJC_WEAK = YES;
				CLANG_WARN_BLOCK_CAPTURE_AUTORELEASING = YES;
				CLANG_WARN_BOOL_CONVERSION = YES;
				CLANG_WARN_COMMA = YES;
				CLANG_WARN_CONSTANT_CONVERSION = YES;
				CLANG_WARN_DEPRECATED_OBJC_IMPLEMENTATIONS = YES;
				CLANG_WARN_DIRECT_OBJC_ISA_USAGE = YES_ERROR;
				CLANG_WARN_DOCUMENTATION_COMMENTS = YES;
				CLANG_WARN_EMPTY_BODY = YES;
				CLANG_WARN_ENUM_CONVERSION = YES;
				CLANG_WARN_INFINITE_RECURSION = YES;
				CLANG_WARN_INT_CONVERSION = YES;
				CLANG_WARN_NON_LITERAL_NULL_CONVERSION = YES;
				CLANG_WARN_OBJC_IMPLICIT_RETAIN_SELF = YES;
				CLANG_WARN_OBJC_LITERAL_CONVERSION = YES;
				CLANG_WARN_OBJC_ROOT_CLASS = YES_ERROR;
				CLANG_WARN_QUOTED_INCLUDE_IN_FRAMEWORK_HEADER = YES;
				CLANG_WARN_RANGE_LOOP_ANALYSIS = YES;
				CLANG_WARN_STRICT_PROTOTYPES = YES;
				CLANG_WARN_SUSPICIOUS_MOVE = YES;
				CLANG_WARN_UNGUARDED_AVAILABILITY = YES_AGGRESSIVE;
				CLANG_WARN_UNREACHABLE_CODE = YES;
				CLANG_WARN__DUPLICATE_METHOD_MATCH = YES;
				COPY_PHASE_STRIP = NO;
				DEBUG_INFORMATION_FORMAT = "dwarf-with-dsym";
				ENABLE_NS_ASSERTIONS = NO;
				ENABLE_STRICT_OBJC_MSGSEND = YES;
				GCC_C_LANGUAGE_STANDARD = gnu11;
				GCC_NO_COMMON_BLOCKS = YES;
				GCC_WARN_64_TO_32_BIT_CONVERSION = YES;
				GCC_WARN_ABOUT_RETURN_TYPE = YES_ERROR;
				GCC_WARN_UNDECLARED_SELECTOR = YES;
				GCC_WARN_UNINITIALIZED_AUTOS = YES_AGGRESSIVE;
				GCC_WARN_UNUSED_FUNCTION = YES;
				GCC_WARN_UNUSED_VARIABLE = YES;
				IPHONEOS_DEPLOYMENT_TARGET = 15.4;
				MTL_ENABLE_DEBUG_INFO = NO;
				MTL_FAST_MATH = YES;
				SDKROOT = iphoneos;
				SWIFT_COMPILATION_MODE = wholemodule;
				SWIFT_OPTIMIZATION_LEVEL = "-O";
				VALIDATE_PRODUCT = YES;
			};
			name = Release;
		};
		172C487C2822BFC400557316 /* Debug */ = {
			isa = XCBuildConfiguration;
			buildSettings = {
				ASSETCATALOG_COMPILER_APPICON_NAME = AppIcon;
				ASSETCATALOG_COMPILER_GLOBAL_ACCENT_COLOR_NAME = AccentColor;
				CODE_SIGN_STYLE = Automatic;
				CURRENT_PROJECT_VERSION = 1;
				GENERATE_INFOPLIST_FILE = YES;
				INFOPLIST_FILE = "booklist-ios/Info.plist";
				INFOPLIST_KEY_UIApplicationSupportsIndirectInputEvents = YES;
				INFOPLIST_KEY_UILaunchStoryboardName = LaunchScreen;
				INFOPLIST_KEY_UIMainStoryboardFile = Main;
				INFOPLIST_KEY_UISupportedInterfaceOrientations_iPad = "UIInterfaceOrientationPortrait UIInterfaceOrientationPortraitUpsideDown UIInterfaceOrientationLandscapeLeft UIInterfaceOrientationLandscapeRight";
				INFOPLIST_KEY_UISupportedInterfaceOrientations_iPhone = "UIInterfaceOrientationPortrait UIInterfaceOrientationLandscapeLeft UIInterfaceOrientationLandscapeRight";
				LD_RUNPATH_SEARCH_PATHS = (
					"$(inherited)",
					"@executable_path/Frameworks",
				);
				MARKETING_VERSION = 1.0;
				PRODUCT_BUNDLE_IDENTIFIER = "com.arackis.booklist-ios";
				PRODUCT_NAME = "$(TARGET_NAME)";
				SWIFT_EMIT_LOC_STRINGS = YES;
				SWIFT_VERSION = 5.0;
				TARGETED_DEVICE_FAMILY = "1,2";
			};
			name = Debug;
		};
		172C487D2822BFC400557316 /* Release */ = {
			isa = XCBuildConfiguration;
			buildSettings = {
				ASSETCATALOG_COMPILER_APPICON_NAME = AppIcon;
				ASSETCATALOG_COMPILER_GLOBAL_ACCENT_COLOR_NAME = AccentColor;
				CODE_SIGN_STYLE = Automatic;
				CURRENT_PROJECT_VERSION = 1;
				GENERATE_INFOPLIST_FILE = YES;
				INFOPLIST_FILE = "booklist-ios/Info.plist";
				INFOPLIST_KEY_UIApplicationSupportsIndirectInputEvents = YES;
				INFOPLIST_KEY_UILaunchStoryboardName = LaunchScreen;
				INFOPLIST_KEY_UIMainStoryboardFile = Main;
				INFOPLIST_KEY_UISupportedInterfaceOrientations_iPad = "UIInterfaceOrientationPortrait UIInterfaceOrientationPortraitUpsideDown UIInterfaceOrientationLandscapeLeft UIInterfaceOrientationLandscapeRight";
				INFOPLIST_KEY_UISupportedInterfaceOrientations_iPhone = "UIInterfaceOrientationPortrait UIInterfaceOrientationLandscapeLeft UIInterfaceOrientationLandscapeRight";
				LD_RUNPATH_SEARCH_PATHS = (
					"$(inherited)",
					"@executable_path/Frameworks",
				);
				MARKETING_VERSION = 1.0;
				PRODUCT_BUNDLE_IDENTIFIER = "com.arackis.booklist-ios";
				PRODUCT_NAME = "$(TARGET_NAME)";
				SWIFT_EMIT_LOC_STRINGS = YES;
				SWIFT_VERSION = 5.0;
				TARGETED_DEVICE_FAMILY = "1,2";
			};
			name = Release;
		};
/* End XCBuildConfiguration section */

/* Begin XCConfigurationList section */
		172C48622822BFC200557316 /* Build configuration list for PBXProject "booklist-ios" */ = {
			isa = XCConfigurationList;
			buildConfigurations = (
				172C48792822BFC400557316 /* Debug */,
				172C487A2822BFC400557316 /* Release */,
			);
			defaultConfigurationIsVisible = 0;
			defaultConfigurationName = Release;
		};
		172C487B2822BFC400557316 /* Build configuration list for PBXNativeTarget "booklist-ios" */ = {
			isa = XCConfigurationList;
			buildConfigurations = (
				172C487C2822BFC400557316 /* Debug */,
				172C487D2822BFC400557316 /* Release */,
			);
			defaultConfigurationIsVisible = 0;
			defaultConfigurationName = Release;
		};
/* End XCConfigurationList section */
	};
	rootObject = 172C485F2822BFC200557316 /* Project object */;
}
